// !$*UTF8*$!
{
	archiveVersion = 1;
	classes = {
	};
	objectVersion = 48;
	objects = {

/* Begin PBXBuildFile section */
		B87AA0A51FA3A93100E66CDE /* AppDelegate.swift in Sources */ = {isa = PBXBuildFile; fileRef = B87AA0A41FA3A93100E66CDE /* AppDelegate.swift */; };
		B87AA0A71FA3A93100E66CDE /* ViewController.swift in Sources */ = {isa = PBXBuildFile; fileRef = B87AA0A61FA3A93100E66CDE /* ViewController.swift */; };
		B87AA0AA1FA3A93100E66CDE /* Main.storyboard in Resources */ = {isa = PBXBuildFile; fileRef = B87AA0A81FA3A93100E66CDE /* Main.storyboard */; };
		B87AA0AC1FA3A93100E66CDE /* Assets.xcassets in Resources */ = {isa = PBXBuildFile; fileRef = B87AA0AB1FA3A93100E66CDE /* Assets.xcassets */; };
		B87AA0AF1FA3A93100E66CDE /* LaunchScreen.storyboard in Resources */ = {isa = PBXBuildFile; fileRef = B87AA0AD1FA3A93100E66CDE /* LaunchScreen.storyboard */; };
/* End PBXBuildFile section */

/* Begin PBXFileReference section */
		B87AA0A11FA3A93000E66CDE /* jokes.app */ = {isa = PBXFileReference; explicitFileType = wrapper.application; includeInIndex = 0; path = jokes.app; sourceTree = BUILT_PRODUCTS_DIR; };
		B87AA0A41FA3A93100E66CDE /* AppDelegate.swift */ = {isa = PBXFileReference; lastKnownFileType = sourcecode.swift; path = AppDelegate.swift; sourceTree = "<group>"; };
		B87AA0A61FA3A93100E66CDE /* ViewController.swift */ = {isa = PBXFileReference; lastKnownFileType = sourcecode.swift; path = ViewController.swift; sourceTree = "<group>"; };
		B87AA0A91FA3A93100E66CDE /* Base */ = {isa = PBXFileReference; lastKnownFileType = file.storyboard; name = Base; path = Base.lproj/Main.storyboard; sourceTree = "<group>"; };
		B87AA0AB1FA3A93100E66CDE /* Assets.xcassets */ = {isa = PBXFileReference; lastKnownFileType = folder.assetcatalog; path = Assets.xcassets; sourceTree = "<group>"; };
		B87AA0AE1FA3A93100E66CDE /* Base */ = {isa = PBXFileReference; lastKnownFileType = file.storyboard; name = Base; path = Base.lproj/LaunchScreen.storyboard; sourceTree = "<group>"; };
		B87AA0B01FA3A93100E66CDE /* Info.plist */ = {isa = PBXFileReference; lastKnownFileType = text.plist.xml; path = Info.plist; sourceTree = "<group>"; };
/* End PBXFileReference section */

/* Begin PBXFrameworksBuildPhase section */
		B87AA09E1FA3A93000E66CDE /* Frameworks */ = {
			isa = PBXFrameworksBuildPhase;
			buildActionMask = 2147483647;
			files = (
			);
			runOnlyForDeploymentPostprocessing = 0;
		};
/* End PBXFrameworksBuildPhase section */

/* Begin PBXGroup section */
		B87AA0981FA3A93000E66CDE = {
			isa = PBXGroup;
			children = (
				B87AA0A31FA3A93000E66CDE /* jokes */,
				B87AA0A21FA3A93000E66CDE /* Products */,
			);
			sourceTree = "<group>";
		};
		B87AA0A21FA3A93000E66CDE /* Products */ = {
			isa = PBXGroup;
			children = (
				B87AA0A11FA3A93000E66CDE /* jokes.app */,
			);
			name = Products;
			sourceTree = "<group>";
		};
		B87AA0A31FA3A93000E66CDE /* jokes */ = {
			isa = PBXGroup;
			children = (
				B87AA0A41FA3A93100E66CDE /* AppDelegate.swift */,
				B87AA0A61FA3A93100E66CDE /* ViewController.swift */,
				B87AA0A81FA3A93100E66CDE /* Main.storyboard */,
				B87AA0AB1FA3A93100E66CDE /* Assets.xcassets */,
				B87AA0AD1FA3A93100E66CDE /* LaunchScreen.storyboard */,
				B87AA0B01FA3A93100E66CDE /* Info.plist */,
			);
			path = jokes;
			sourceTree = "<group>";
		};
/* End PBXGroup section */

/* Begin PBXNativeTarget section */
		B87AA0A01FA3A93000E66CDE /* jokes */ = {
			isa = PBXNativeTarget;
			buildConfigurationList = B87AA0B31FA3A93100E66CDE /* Build configuration list for PBXNativeTarget "jokes" */;
			buildPhases = (
				B87AA09D1FA3A93000E66CDE /* Sources */,
				B87AA09E1FA3A93000E66CDE /* Frameworks */,
				B87AA09F1FA3A93000E66CDE /* Resources */,
			);
			buildRules = (
			);
			dependencies = (
			);
			name = jokes;
			productName = jokes;
			productReference = B87AA0A11FA3A93000E66CDE /* jokes.app */;
			productType = "com.apple.product-type.application";
		};
/* End PBXNativeTarget section */

/* Begin PBXProject section */
		B87AA0991FA3A93000E66CDE /* Project object */ = {
			isa = PBXProject;
			attributes = {
				LastSwiftUpdateCheck = 0900;
				LastUpgradeCheck = 0900;
				ORGANIZATIONNAME = JCSwifty;
				TargetAttributes = {
					B87AA0A01FA3A93000E66CDE = {
						CreatedOnToolsVersion = 9.0;
						ProvisioningStyle = Automatic;
					};
				};
			};
			buildConfigurationList = B87AA09C1FA3A93000E66CDE /* Build configuration list for PBXProject "jokes" */;
			compatibilityVersion = "Xcode 8.0";
			developmentRegion = en;
			hasScannedForEncodings = 0;
			knownRegions = (
				en,
				Base,
			);
			mainGroup = B87AA0981FA3A93000E66CDE;
			productRefGroup = B87AA0A21FA3A93000E66CDE /* Products */;
			projectDirPath = "";
			projectRoot = "";
			targets = (
				B87AA0A01FA3A93000E66CDE /* jokes */,
			);
		};
/* End PBXProject section */

/* Begin PBXResourcesBuildPhase section */
		B87AA09F1FA3A93000E66CDE /* Resources */ = {
			isa = PBXResourcesBuildPhase;
			buildActionMask = 2147483647;
			files = (
				B87AA0AF1FA3A93100E66CDE /* LaunchScreen.storyboard in Resources */,
				B87AA0AC1FA3A93100E66CDE /* Assets.xcassets in Resources */,
				B87AA0AA1FA3A93100E66CDE /* Main.storyboard in Resources */,
			);
			runOnlyForDeploymentPostprocessing = 0;
		};
/* End PBXResourcesBuildPhase section */

/* Begin PBXSourcesBuildPhase section */
		B87AA09D1FA3A93000E66CDE /* Sources */ = {
			isa = PBXSourcesBuildPhase;
			buildActionMask = 2147483647;
			files = (
				B87AA0A71FA3A93100E66CDE /* ViewController.swift in Sources */,
				B87AA0A51FA3A93100E66CDE /* AppDelegate.swift in Sources */,
			);
			runOnlyForDeploymentPostprocessing = 0;
		};
/* End PBXSourcesBuildPhase section */

/* Begin PBXVariantGroup section */
		B87AA0A81FA3A93100E66CDE /* Main.storyboard */ = {
			isa = PBXVariantGroup;
			children = (
				B87AA0A91FA3A93100E66CDE /* Base */,
			);
			name = Main.storyboard;
			sourceTree = "<group>";
		};
		B87AA0AD1FA3A93100E66CDE /* LaunchScreen.storyboard */ = {
			isa = PBXVariantGroup;
			children = (
				B87AA0AE1FA3A93100E66CDE /* Base */,
			);
			name = LaunchScreen.storyboard;
			sourceTree = "<group>";
		};
/* End PBXVariantGroup section */

/* Begin XCBuildConfiguration section */
		B87AA0B11FA3A93100E66CDE /* Debug */ = {
			isa = XCBuildConfiguration;
			buildSettings = {
				ALWAYS_SEARCH_USER_PATHS = NO;
				CLANG_ANALYZER_NONNULL = YES;
				CLANG_ANALYZER_NUMBER_OBJECT_CONVERSION = YES_AGGRESSIVE;
				CLANG_CXX_LANGUAGE_STANDARD = "gnu++14";
				CLANG_CXX_LIBRARY = "libc++";
				CLANG_ENABLE_MODULES = YES;
				CLANG_ENABLE_OBJC_ARC = YES;
				CLANG_WARN_BLOCK_CAPTURE_AUTORELEASING = YES;
				CLANG_WARN_BOOL_CONVERSION = YES;
				CLANG_WARN_COMMA = YES;
				CLANG_WARN_CONSTANT_CONVERSION = YES;
				CLANG_WARN_DIRECT_OBJC_ISA_USAGE = YES_ERROR;
				CLANG_WARN_DOCUMENTATION_COMMENTS = YES;
				CLANG_WARN_EMPTY_BODY = YES;
				CLANG_WARN_ENUM_CONVERSION = YES;
				CLANG_WARN_INFINITE_RECURSION = YES;
				CLANG_WARN_INT_CONVERSION = YES;
				CLANG_WARN_NON_LITERAL_NULL_CONVERSION = YES;
				CLANG_WARN_OBJC_LITERAL_CONVERSION = YES;
				CLANG_WARN_OBJC_ROOT_CLASS = YES_ERROR;
				CLANG_WARN_RANGE_LOOP_ANALYSIS = YES;
				CLANG_WARN_STRICT_PROTOTYPES = YES;
				CLANG_WARN_SUSPICIOUS_MOVE = YES;
				CLANG_WARN_UNGUARDED_AVAILABILITY = YES_AGGRESSIVE;
				CLANG_WARN_UNREACHABLE_CODE = YES;
				CLANG_WARN__DUPLICATE_METHOD_MATCH = YES;
				CODE_SIGN_IDENTITY = "iPhone Developer";
				COPY_PHASE_STRIP = NO;
				DEBUG_INFORMATION_FORMAT = dwarf;
				ENABLE_STRICT_OBJC_MSGSEND = YES;
				ENABLE_TESTABILITY = YES;
				GCC_C_LANGUAGE_STANDARD = gnu11;
				GCC_DYNAMIC_NO_PIC = NO;
				GCC_NO_COMMON_BLOCKS = YES;
				GCC_OPTIMIZATION_LEVEL = 0;
				GCC_PREPROCESSOR_DEFINITIONS = (
					"DEBUG=1",
					"$(inherited)",
				);
				GCC_WARN_64_TO_32_BIT_CONVERSION = YES;
				GCC_WARN_ABOUT_RETURN_TYPE = YES_ERROR;
				GCC_WARN_UNDECLARED_SELECTOR = YES;
				GCC_WARN_UNINITIALIZED_AUTOS = YES_AGGRESSIVE;
				GCC_WARN_UNUSED_FUNCTION = YES;
				GCC_WARN_UNUSED_VARIABLE = YES;
				IPHONEOS_DEPLOYMENT_TARGET = 11.0;
				MTL_ENABLE_DEBUG_INFO = YES;
				ONLY_ACTIVE_ARCH = YES;
				SDKROOT = iphoneos;
				SWIFT_ACTIVE_COMPILATION_CONDITIONS = DEBUG;
				SWIFT_OPTIMIZATION_LEVEL = "-Onone";
			};
			name = Debug;
		};
		B87AA0B21FA3A93100E66CDE /* Release */ = {
			isa = XCBuildConfiguration;
			buildSettings = {
				ALWAYS_SEARCH_USER_PATHS = NO;
				CLANG_ANALYZER_NONNULL = YES;
				CLANG_ANALYZER_NUMBER_OBJECT_CONVERSION = YES_AGGRESSIVE;
				CLANG_CXX_LANGUAGE_STANDARD = "gnu++14";
				CLANG_CXX_LIBRARY = "libc++";
				CLANG_ENABLE_MODULES = YES;
				CLANG_ENABLE_OBJC_ARC = YES;
				CLANG_WARN_BLOCK_CAPTURE_AUTORELEASING = YES;
				CLANG_WARN_BOOL_CONVERSION = YES;
				CLANG_WARN_COMMA = YES;
				CLANG_WARN_CONSTANT_CONVERSION = YES;
				CLANG_WARN_DIRECT_OBJC_ISA_USAGE = YES_ERROR;
				CLANG_WARN_DOCUMENTATION_COMMENTS = YES;
				CLANG_WARN_EMPTY_BODY = YES;
				CLANG_WARN_ENUM_CONVERSION = YES;
				CLANG_WARN_INFINITE_RECURSION = YES;
				CLANG_WARN_INT_CONVERSION = YES;
				CLANG_WARN_NON_LITERAL_NULL_CONVERSION = YES;
				CLANG_WARN_OBJC_LITERAL_CONVERSION = YES;
				CLANG_WARN_OBJC_ROOT_CLASS = YES_ERROR;
				CLANG_WARN_RANGE_LOOP_ANALYSIS = YES;
				CLANG_WARN_STRICT_PROTOTYPES = YES;
				CLANG_WARN_SUSPICIOUS_MOVE = YES;
				CLANG_WARN_UNGUARDED_AVAILABILITY = YES_AGGRESSIVE;
				CLANG_WARN_UNREACHABLE_CODE = YES;
				CLANG_WARN__DUPLICATE_METHOD_MATCH = YES;
				CODE_SIGN_IDENTITY = "iPhone Developer";
				COPY_PHASE_STRIP = NO;
				DEBUG_INFORMATION_FORMAT = "dwarf-with-dsym";
				ENABLE_NS_ASSERTIONS = NO;
				ENABLE_STRICT_OBJC_MSGSEND = YES;
				GCC_C_LANGUAGE_STANDARD = gnu11;
				GCC_NO_COMMON_BLOCKS = YES;
				GCC_WARN_64_TO_32_BIT_CONVERSION = YES;
				GCC_WARN_ABOUT_RETURN_TYPE = YES_ERROR;
				GCC_WARN_UNDECLARED_SELECTOR = YES;
				GCC_WARN_UNINITIALIZED_AUTOS = YES_AGGRESSIVE;
				GCC_WARN_UNUSED_FUNCTION = YES;
				GCC_WARN_UNUSED_VARIABLE = YES;
				IPHONEOS_DEPLOYMENT_TARGET = 11.0;
				MTL_ENABLE_DEBUG_INFO = NO;
				SDKROOT = iphoneos;
				SWIFT_OPTIMIZATION_LEVEL = "-Owholemodule";
				VALIDATE_PRODUCT = YES;
			};
			name = Release;
		};
		B87AA0B41FA3A93100E66CDE /* Debug */ = {
			isa = XCBuildConfiguration;
			buildSettings = {
				ASSETCATALOG_COMPILER_APPICON_NAME = AppIcon;
				CODE_SIGN_STYLE = Automatic;
				DEVELOPMENT_TEAM = 3L8W3EB4SJ;
				INFOPLIST_FILE = jokes/Info.plist;
				LD_RUNPATH_SEARCH_PATHS = "$(inherited) @executable_path/Frameworks";
				PRODUCT_BUNDLE_IDENTIFIER = com.jcswifty.jokes;
				PRODUCT_NAME = "$(TARGET_NAME)";
				SWIFT_VERSION = 4.0;
				TARGETED_DEVICE_FAMILY = "1,2";
			};
			name = Debug;
		};
		B87AA0B51FA3A93100E66CDE /* Release */ = {
			isa = XCBuildConfiguration;
			buildSettings = {
				ASSETCATALOG_COMPILER_APPICON_NAME = AppIcon;
				CODE_SIGN_STYLE = Automatic;
				DEVELOPMENT_TEAM = 3L8W3EB4SJ;
				INFOPLIST_FILE = jokes/Info.plist;
				LD_RUNPATH_SEARCH_PATHS = "$(inherited) @executable_path/Frameworks";
				PRODUCT_BUNDLE_IDENTIFIER = com.jcswifty.jokes;
				PRODUCT_NAME = "$(TARGET_NAME)";
				SWIFT_VERSION = 4.0;
				TARGETED_DEVICE_FAMILY = "1,2";
			};
			name = Release;
		};
/* End XCBuildConfiguration section */

/* Begin XCConfigurationList section */
		B87AA09C1FA3A93000E66CDE /* Build configuration list for PBXProject "jokes" */ = {
			isa = XCConfigurationList;
			buildConfigurations = (
				B87AA0B11FA3A93100E66CDE /* Debug */,
				B87AA0B21FA3A93100E66CDE /* Release */,
			);
			defaultConfigurationIsVisible = 0;
			defaultConfigurationName = Release;
		};
		B87AA0B31FA3A93100E66CDE /* Build configuration list for PBXNativeTarget "jokes" */ = {
			isa = XCConfigurationList;
			buildConfigurations = (
				B87AA0B41FA3A93100E66CDE /* Debug */,
				B87AA0B51FA3A93100E66CDE /* Release */,
			);
			defaultConfigurationIsVisible = 0;
			defaultConfigurationName = Release;
		};
/* End XCConfigurationList section */
	};
	rootObject = B87AA0991FA3A93000E66CDE /* Project object */;
}
