// !$*UTF8*$!
{
	archiveVersion = 1;
	classes = {
	};
	objectVersion = 48;
	objects = {

/* Begin PBXBuildFile section */
		B83B30381F9FBAAF00903B24 /* AppDelegate.swift in Sources */ = {isa = PBXBuildFile; fileRef = B83B30371F9FBAAF00903B24 /* AppDelegate.swift */; };
		B83B303A1F9FBAAF00903B24 /* ViewController.swift in Sources */ = {isa = PBXBuildFile; fileRef = B83B30391F9FBAAF00903B24 /* ViewController.swift */; };
		B83B303D1F9FBAAF00903B24 /* Main.storyboard in Resources */ = {isa = PBXBuildFile; fileRef = B83B303B1F9FBAAF00903B24 /* Main.storyboard */; };
		B83B303F1F9FBAAF00903B24 /* Assets.xcassets in Resources */ = {isa = PBXBuildFile; fileRef = B83B303E1F9FBAAF00903B24 /* Assets.xcassets */; };
		B83B30421F9FBAAF00903B24 /* LaunchScreen.storyboard in Resources */ = {isa = PBXBuildFile; fileRef = B83B30401F9FBAAF00903B24 /* LaunchScreen.storyboard */; };
/* End PBXBuildFile section */

/* Begin PBXFileReference section */
		B83B30341F9FBAAF00903B24 /* Airbnb_API_CodableType.app */ = {isa = PBXFileReference; explicitFileType = wrapper.application; includeInIndex = 0; path = Airbnb_API_CodableType.app; sourceTree = BUILT_PRODUCTS_DIR; };
		B83B30371F9FBAAF00903B24 /* AppDelegate.swift */ = {isa = PBXFileReference; lastKnownFileType = sourcecode.swift; path = AppDelegate.swift; sourceTree = "<group>"; };
		B83B30391F9FBAAF00903B24 /* ViewController.swift */ = {isa = PBXFileReference; lastKnownFileType = sourcecode.swift; path = ViewController.swift; sourceTree = "<group>"; };
		B83B303C1F9FBAAF00903B24 /* Base */ = {isa = PBXFileReference; lastKnownFileType = file.storyboard; name = Base; path = Base.lproj/Main.storyboard; sourceTree = "<group>"; };
		B83B303E1F9FBAAF00903B24 /* Assets.xcassets */ = {isa = PBXFileReference; lastKnownFileType = folder.assetcatalog; path = Assets.xcassets; sourceTree = "<group>"; };
		B83B30411F9FBAAF00903B24 /* Base */ = {isa = PBXFileReference; lastKnownFileType = file.storyboard; name = Base; path = Base.lproj/LaunchScreen.storyboard; sourceTree = "<group>"; };
		B83B30431F9FBAAF00903B24 /* Info.plist */ = {isa = PBXFileReference; lastKnownFileType = text.plist.xml; path = Info.plist; sourceTree = "<group>"; };
/* End PBXFileReference section */

/* Begin PBXFrameworksBuildPhase section */
		B83B30311F9FBAAF00903B24 /* Frameworks */ = {
			isa = PBXFrameworksBuildPhase;
			buildActionMask = 2147483647;
			files = (
			);
			runOnlyForDeploymentPostprocessing = 0;
		};
/* End PBXFrameworksBuildPhase section */

/* Begin PBXGroup section */
		B83B302B1F9FBAAF00903B24 = {
			isa = PBXGroup;
			children = (
				B83B30361F9FBAAF00903B24 /* Airbnb_API_CodableType */,
				B83B30351F9FBAAF00903B24 /* Products */,
			);
			sourceTree = "<group>";
		};
		B83B30351F9FBAAF00903B24 /* Products */ = {
			isa = PBXGroup;
			children = (
				B83B30341F9FBAAF00903B24 /* Airbnb_API_CodableType.app */,
			);
			name = Products;
			sourceTree = "<group>";
		};
		B83B30361F9FBAAF00903B24 /* Airbnb_API_CodableType */ = {
			isa = PBXGroup;
			children = (
				B83B30371F9FBAAF00903B24 /* AppDelegate.swift */,
				B83B30391F9FBAAF00903B24 /* ViewController.swift */,
				B83B303B1F9FBAAF00903B24 /* Main.storyboard */,
				B83B303E1F9FBAAF00903B24 /* Assets.xcassets */,
				B83B30401F9FBAAF00903B24 /* LaunchScreen.storyboard */,
				B83B30431F9FBAAF00903B24 /* Info.plist */,
			);
			path = Airbnb_API_CodableType;
			sourceTree = "<group>";
		};
/* End PBXGroup section */

/* Begin PBXNativeTarget section */
		B83B30331F9FBAAF00903B24 /* Airbnb_API_CodableType */ = {
			isa = PBXNativeTarget;
			buildConfigurationList = B83B30461F9FBAAF00903B24 /* Build configuration list for PBXNativeTarget "Airbnb_API_CodableType" */;
			buildPhases = (
				B83B30301F9FBAAF00903B24 /* Sources */,
				B83B30311F9FBAAF00903B24 /* Frameworks */,
				B83B30321F9FBAAF00903B24 /* Resources */,
			);
			buildRules = (
			);
			dependencies = (
			);
			name = Airbnb_API_CodableType;
			productName = Airbnb_API_CodableType;
			productReference = B83B30341F9FBAAF00903B24 /* Airbnb_API_CodableType.app */;
			productType = "com.apple.product-type.application";
		};
/* End PBXNativeTarget section */

/* Begin PBXProject section */
		B83B302C1F9FBAAF00903B24 /* Project object */ = {
			isa = PBXProject;
			attributes = {
				LastSwiftUpdateCheck = 0900;
				LastUpgradeCheck = 0900;
				ORGANIZATIONNAME = JCSwifty;
				TargetAttributes = {
					B83B30331F9FBAAF00903B24 = {
						CreatedOnToolsVersion = 9.0;
						ProvisioningStyle = Automatic;
					};
				};
			};
			buildConfigurationList = B83B302F1F9FBAAF00903B24 /* Build configuration list for PBXProject "Airbnb_API_CodableType" */;
			compatibilityVersion = "Xcode 8.0";
			developmentRegion = en;
			hasScannedForEncodings = 0;
			knownRegions = (
				en,
				Base,
			);
			mainGroup = B83B302B1F9FBAAF00903B24;
			productRefGroup = B83B30351F9FBAAF00903B24 /* Products */;
			projectDirPath = "";
			projectRoot = "";
			targets = (
				B83B30331F9FBAAF00903B24 /* Airbnb_API_CodableType */,
			);
		};
/* End PBXProject section */

/* Begin PBXResourcesBuildPhase section */
		B83B30321F9FBAAF00903B24 /* Resources */ = {
			isa = PBXResourcesBuildPhase;
			buildActionMask = 2147483647;
			files = (
				B83B30421F9FBAAF00903B24 /* LaunchScreen.storyboard in Resources */,
				B83B303F1F9FBAAF00903B24 /* Assets.xcassets in Resources */,
				B83B303D1F9FBAAF00903B24 /* Main.storyboard in Resources */,
			);
			runOnlyForDeploymentPostprocessing = 0;
		};
/* End PBXResourcesBuildPhase section */

/* Begin PBXSourcesBuildPhase section */
		B83B30301F9FBAAF00903B24 /* Sources */ = {
			isa = PBXSourcesBuildPhase;
			buildActionMask = 2147483647;
			files = (
				B83B303A1F9FBAAF00903B24 /* ViewController.swift in Sources */,
				B83B30381F9FBAAF00903B24 /* AppDelegate.swift in Sources */,
			);
			runOnlyForDeploymentPostprocessing = 0;
		};
/* End PBXSourcesBuildPhase section */

/* Begin PBXVariantGroup section */
		B83B303B1F9FBAAF00903B24 /* Main.storyboard */ = {
			isa = PBXVariantGroup;
			children = (
				B83B303C1F9FBAAF00903B24 /* Base */,
			);
			name = Main.storyboard;
			sourceTree = "<group>";
		};
		B83B30401F9FBAAF00903B24 /* LaunchScreen.storyboard */ = {
			isa = PBXVariantGroup;
			children = (
				B83B30411F9FBAAF00903B24 /* Base */,
			);
			name = LaunchScreen.storyboard;
			sourceTree = "<group>";
		};
/* End PBXVariantGroup section */

/* Begin XCBuildConfiguration section */
		B83B30441F9FBAAF00903B24 /* Debug */ = {
			isa = XCBuildConfiguration;
			buildSettings = {
				ALWAYS_SEARCH_USER_PATHS = NO;
				CLANG_ANALYZER_NONNULL = YES;
				CLANG_ANALYZER_NUMBER_OBJECT_CONVERSION = YES_AGGRESSIVE;
				CLANG_CXX_LANGUAGE_STANDARD = "gnu++14";
				CLANG_CXX_LIBRARY = "libc++";
				CLANG_ENABLE_MODULES = YES;
				CLANG_ENABLE_OBJC_ARC = YES;
				CLANG_WARN_BLOCK_CAPTURE_AUTORELEASING = YES;
				CLANG_WARN_BOOL_CONVERSION = YES;
				CLANG_WARN_COMMA = YES;
				CLANG_WARN_CONSTANT_CONVERSION = YES;
				CLANG_WARN_DIRECT_OBJC_ISA_USAGE = YES_ERROR;
				CLANG_WARN_DOCUMENTATION_COMMENTS = YES;
				CLANG_WARN_EMPTY_BODY = YES;
				CLANG_WARN_ENUM_CONVERSION = YES;
				CLANG_WARN_INFINITE_RECURSION = YES;
				CLANG_WARN_INT_CONVERSION = YES;
				CLANG_WARN_NON_LITERAL_NULL_CONVERSION = YES;
				CLANG_WARN_OBJC_LITERAL_CONVERSION = YES;
				CLANG_WARN_OBJC_ROOT_CLASS = YES_ERROR;
				CLANG_WARN_RANGE_LOOP_ANALYSIS = YES;
				CLANG_WARN_STRICT_PROTOTYPES = YES;
				CLANG_WARN_SUSPICIOUS_MOVE = YES;
				CLANG_WARN_UNGUARDED_AVAILABILITY = YES_AGGRESSIVE;
				CLANG_WARN_UNREACHABLE_CODE = YES;
				CLANG_WARN__DUPLICATE_METHOD_MATCH = YES;
				CODE_SIGN_IDENTITY = "iPhone Developer";
				COPY_PHASE_STRIP = NO;
				DEBUG_INFORMATION_FORMAT = dwarf;
				ENABLE_STRICT_OBJC_MSGSEND = YES;
				ENABLE_TESTABILITY = YES;
				GCC_C_LANGUAGE_STANDARD = gnu11;
				GCC_DYNAMIC_NO_PIC = NO;
				GCC_NO_COMMON_BLOCKS = YES;
				GCC_OPTIMIZATION_LEVEL = 0;
				GCC_PREPROCESSOR_DEFINITIONS = (
					"DEBUG=1",
					"$(inherited)",
				);
				GCC_WARN_64_TO_32_BIT_CONVERSION = YES;
				GCC_WARN_ABOUT_RETURN_TYPE = YES_ERROR;
				GCC_WARN_UNDECLARED_SELECTOR = YES;
				GCC_WARN_UNINITIALIZED_AUTOS = YES_AGGRESSIVE;
				GCC_WARN_UNUSED_FUNCTION = YES;
				GCC_WARN_UNUSED_VARIABLE = YES;
				IPHONEOS_DEPLOYMENT_TARGET = 11.0;
				MTL_ENABLE_DEBUG_INFO = YES;
				ONLY_ACTIVE_ARCH = YES;
				SDKROOT = iphoneos;
				SWIFT_ACTIVE_COMPILATION_CONDITIONS = DEBUG;
				SWIFT_OPTIMIZATION_LEVEL = "-Onone";
			};
			name = Debug;
		};
		B83B30451F9FBAAF00903B24 /* Release */ = {
			isa = XCBuildConfiguration;
			buildSettings = {
				ALWAYS_SEARCH_USER_PATHS = NO;
				CLANG_ANALYZER_NONNULL = YES;
				CLANG_ANALYZER_NUMBER_OBJECT_CONVERSION = YES_AGGRESSIVE;
				CLANG_CXX_LANGUAGE_STANDARD = "gnu++14";
				CLANG_CXX_LIBRARY = "libc++";
				CLANG_ENABLE_MODULES = YES;
				CLANG_ENABLE_OBJC_ARC = YES;
				CLANG_WARN_BLOCK_CAPTURE_AUTORELEASING = YES;
				CLANG_WARN_BOOL_CONVERSION = YES;
				CLANG_WARN_COMMA = YES;
				CLANG_WARN_CONSTANT_CONVERSION = YES;
				CLANG_WARN_DIRECT_OBJC_ISA_USAGE = YES_ERROR;
				CLANG_WARN_DOCUMENTATION_COMMENTS = YES;
				CLANG_WARN_EMPTY_BODY = YES;
				CLANG_WARN_ENUM_CONVERSION = YES;
				CLANG_WARN_INFINITE_RECURSION = YES;
				CLANG_WARN_INT_CONVERSION = YES;
				CLANG_WARN_NON_LITERAL_NULL_CONVERSION = YES;
				CLANG_WARN_OBJC_LITERAL_CONVERSION = YES;
				CLANG_WARN_OBJC_ROOT_CLASS = YES_ERROR;
				CLANG_WARN_RANGE_LOOP_ANALYSIS = YES;
				CLANG_WARN_STRICT_PROTOTYPES = YES;
				CLANG_WARN_SUSPICIOUS_MOVE = YES;
				CLANG_WARN_UNGUARDED_AVAILABILITY = YES_AGGRESSIVE;
				CLANG_WARN_UNREACHABLE_CODE = YES;
				CLANG_WARN__DUPLICATE_METHOD_MATCH = YES;
				CODE_SIGN_IDENTITY = "iPhone Developer";
				COPY_PHASE_STRIP = NO;
				DEBUG_INFORMATION_FORMAT = "dwarf-with-dsym";
				ENABLE_NS_ASSERTIONS = NO;
				ENABLE_STRICT_OBJC_MSGSEND = YES;
				GCC_C_LANGUAGE_STANDARD = gnu11;
				GCC_NO_COMMON_BLOCKS = YES;
				GCC_WARN_64_TO_32_BIT_CONVERSION = YES;
				GCC_WARN_ABOUT_RETURN_TYPE = YES_ERROR;
				GCC_WARN_UNDECLARED_SELECTOR = YES;
				GCC_WARN_UNINITIALIZED_AUTOS = YES_AGGRESSIVE;
				GCC_WARN_UNUSED_FUNCTION = YES;
				GCC_WARN_UNUSED_VARIABLE = YES;
				IPHONEOS_DEPLOYMENT_TARGET = 11.0;
				MTL_ENABLE_DEBUG_INFO = NO;
				SDKROOT = iphoneos;
				SWIFT_OPTIMIZATION_LEVEL = "-Owholemodule";
				VALIDATE_PRODUCT = YES;
			};
			name = Release;
		};
		B83B30471F9FBAAF00903B24 /* Debug */ = {
			isa = XCBuildConfiguration;
			buildSettings = {
				ASSETCATALOG_COMPILER_APPICON_NAME = AppIcon;
				CODE_SIGN_STYLE = Automatic;
				DEVELOPMENT_TEAM = 3L8W3EB4SJ;
				INFOPLIST_FILE = Airbnb_API_CodableType/Info.plist;
				LD_RUNPATH_SEARCH_PATHS = "$(inherited) @executable_path/Frameworks";
				PRODUCT_BUNDLE_IDENTIFIER = "com.jcswifty.Airbnb-API-CodableType";
				PRODUCT_NAME = "$(TARGET_NAME)";
				SWIFT_VERSION = 4.0;
				TARGETED_DEVICE_FAMILY = "1,2";
			};
			name = Debug;
		};
		B83B30481F9FBAAF00903B24 /* Release */ = {
			isa = XCBuildConfiguration;
			buildSettings = {
				ASSETCATALOG_COMPILER_APPICON_NAME = AppIcon;
				CODE_SIGN_STYLE = Automatic;
				DEVELOPMENT_TEAM = 3L8W3EB4SJ;
				INFOPLIST_FILE = Airbnb_API_CodableType/Info.plist;
				LD_RUNPATH_SEARCH_PATHS = "$(inherited) @executable_path/Frameworks";
				PRODUCT_BUNDLE_IDENTIFIER = "com.jcswifty.Airbnb-API-CodableType";
				PRODUCT_NAME = "$(TARGET_NAME)";
				SWIFT_VERSION = 4.0;
				TARGETED_DEVICE_FAMILY = "1,2";
			};
			name = Release;
		};
/* End XCBuildConfiguration section */

/* Begin XCConfigurationList section */
		B83B302F1F9FBAAF00903B24 /* Build configuration list for PBXProject "Airbnb_API_CodableType" */ = {
			isa = XCConfigurationList;
			buildConfigurations = (
				B83B30441F9FBAAF00903B24 /* Debug */,
				B83B30451F9FBAAF00903B24 /* Release */,
			);
			defaultConfigurationIsVisible = 0;
			defaultConfigurationName = Release;
		};
		B83B30461F9FBAAF00903B24 /* Build configuration list for PBXNativeTarget "Airbnb_API_CodableType" */ = {
			isa = XCConfigurationList;
			buildConfigurations = (
				B83B30471F9FBAAF00903B24 /* Debug */,
				B83B30481F9FBAAF00903B24 /* Release */,
			);
			defaultConfigurationIsVisible = 0;
			defaultConfigurationName = Release;
		};
/* End XCConfigurationList section */
	};
	rootObject = B83B302C1F9FBAAF00903B24 /* Project object */;
}
