// !$*UTF8*$!
{
	archiveVersion = 1;
	classes = {
	};
	objectVersion = 48;
	objects = {

/* Begin PBXBuildFile section */
		B85154441FAE8B7F004A4C3B /* PostsTableViewController.swift in Sources */ = {isa = PBXBuildFile; fileRef = B85154431FAE8B7F004A4C3B /* PostsTableViewController.swift */; };
		B85154461FAE8B98004A4C3B /* PostsTableViewCell.swift in Sources */ = {isa = PBXBuildFile; fileRef = B85154451FAE8B98004A4C3B /* PostsTableViewCell.swift */; };
		B85154481FAE8BD0004A4C3B /* CommentsTableViewCell.swift in Sources */ = {isa = PBXBuildFile; fileRef = B85154471FAE8BD0004A4C3B /* CommentsTableViewCell.swift */; };
		B851544A1FAE8BEC004A4C3B /* CommentsTableViewController.swift in Sources */ = {isa = PBXBuildFile; fileRef = B85154491FAE8BEC004A4C3B /* CommentsTableViewController.swift */; };
		B851544C1FAE8C11004A4C3B /* CommentModel.swift in Sources */ = {isa = PBXBuildFile; fileRef = B851544B1FAE8C11004A4C3B /* CommentModel.swift */; };
		B851544F1FAE90C7004A4C3B /* DateTableViewCell.swift in Sources */ = {isa = PBXBuildFile; fileRef = B851544E1FAE90C7004A4C3B /* DateTableViewCell.swift */; };
		B88A6DCF1FA7EDE0001F30B3 /* AppDelegate.swift in Sources */ = {isa = PBXBuildFile; fileRef = B88A6DCE1FA7EDE0001F30B3 /* AppDelegate.swift */; };
		B88A6DD41FA7EDE0001F30B3 /* Main.storyboard in Resources */ = {isa = PBXBuildFile; fileRef = B88A6DD21FA7EDE0001F30B3 /* Main.storyboard */; };
		B88A6DD61FA7EDE0001F30B3 /* Assets.xcassets in Resources */ = {isa = PBXBuildFile; fileRef = B88A6DD51FA7EDE0001F30B3 /* Assets.xcassets */; };
		B88A6DD91FA7EDE0001F30B3 /* LaunchScreen.storyboard in Resources */ = {isa = PBXBuildFile; fileRef = B88A6DD71FA7EDE0001F30B3 /* LaunchScreen.storyboard */; };
		B8A59FC41FAAA7CE005ED285 /* Networking.swift in Sources */ = {isa = PBXBuildFile; fileRef = B8A59FC31FAAA7CE005ED285 /* Networking.swift */; };
		B8A8ACC91FACED6B009B2245 /* PostModel.swift in Sources */ = {isa = PBXBuildFile; fileRef = B8A8ACC81FACED6B009B2245 /* PostModel.swift */; };
/* End PBXBuildFile section */

/* Begin PBXFileReference section */
		B85154431FAE8B7F004A4C3B /* PostsTableViewController.swift */ = {isa = PBXFileReference; lastKnownFileType = sourcecode.swift; path = PostsTableViewController.swift; sourceTree = "<group>"; };
		B85154451FAE8B98004A4C3B /* PostsTableViewCell.swift */ = {isa = PBXFileReference; lastKnownFileType = sourcecode.swift; path = PostsTableViewCell.swift; sourceTree = "<group>"; };
		B85154471FAE8BD0004A4C3B /* CommentsTableViewCell.swift */ = {isa = PBXFileReference; lastKnownFileType = sourcecode.swift; path = CommentsTableViewCell.swift; sourceTree = "<group>"; };
		B85154491FAE8BEC004A4C3B /* CommentsTableViewController.swift */ = {isa = PBXFileReference; lastKnownFileType = sourcecode.swift; path = CommentsTableViewController.swift; sourceTree = "<group>"; };
		B851544B1FAE8C11004A4C3B /* CommentModel.swift */ = {isa = PBXFileReference; lastKnownFileType = sourcecode.swift; path = CommentModel.swift; sourceTree = "<group>"; };
		B851544E1FAE90C7004A4C3B /* DateTableViewCell.swift */ = {isa = PBXFileReference; lastKnownFileType = sourcecode.swift; path = DateTableViewCell.swift; sourceTree = "<group>"; };
		B88A6DCB1FA7EDE0001F30B3 /* Product_Hunt_API.app */ = {isa = PBXFileReference; explicitFileType = wrapper.application; includeInIndex = 0; path = Product_Hunt_API.app; sourceTree = BUILT_PRODUCTS_DIR; };
		B88A6DCE1FA7EDE0001F30B3 /* AppDelegate.swift */ = {isa = PBXFileReference; lastKnownFileType = sourcecode.swift; path = AppDelegate.swift; sourceTree = "<group>"; };
		B88A6DD31FA7EDE0001F30B3 /* Base */ = {isa = PBXFileReference; lastKnownFileType = file.storyboard; name = Base; path = Base.lproj/Main.storyboard; sourceTree = "<group>"; };
		B88A6DD51FA7EDE0001F30B3 /* Assets.xcassets */ = {isa = PBXFileReference; lastKnownFileType = folder.assetcatalog; path = Assets.xcassets; sourceTree = "<group>"; };
		B88A6DD81FA7EDE0001F30B3 /* Base */ = {isa = PBXFileReference; lastKnownFileType = file.storyboard; name = Base; path = Base.lproj/LaunchScreen.storyboard; sourceTree = "<group>"; };
		B88A6DDA1FA7EDE0001F30B3 /* Info.plist */ = {isa = PBXFileReference; lastKnownFileType = text.plist.xml; path = Info.plist; sourceTree = "<group>"; };
		B8A59FC31FAAA7CE005ED285 /* Networking.swift */ = {isa = PBXFileReference; lastKnownFileType = sourcecode.swift; path = Networking.swift; sourceTree = "<group>"; };
		B8A8ACC81FACED6B009B2245 /* PostModel.swift */ = {isa = PBXFileReference; lastKnownFileType = sourcecode.swift; path = PostModel.swift; sourceTree = "<group>"; };
/* End PBXFileReference section */

/* Begin PBXFrameworksBuildPhase section */
		B88A6DC81FA7EDE0001F30B3 /* Frameworks */ = {
			isa = PBXFrameworksBuildPhase;
			buildActionMask = 2147483647;
			files = (
			);
			runOnlyForDeploymentPostprocessing = 0;
		};
/* End PBXFrameworksBuildPhase section */

/* Begin PBXGroup section */
		B88A6DC21FA7EDE0001F30B3 = {
			isa = PBXGroup;
			children = (
				B88A6DCD1FA7EDE0001F30B3 /* Product_Hunt_API */,
				B88A6DCC1FA7EDE0001F30B3 /* Products */,
			);
			sourceTree = "<group>";
		};
		B88A6DCC1FA7EDE0001F30B3 /* Products */ = {
			isa = PBXGroup;
			children = (
				B88A6DCB1FA7EDE0001F30B3 /* Product_Hunt_API.app */,
			);
			name = Products;
			sourceTree = "<group>";
		};
		B88A6DCD1FA7EDE0001F30B3 /* Product_Hunt_API */ = {
			isa = PBXGroup;
			children = (
				B88A6DCE1FA7EDE0001F30B3 /* AppDelegate.swift */,
				B8A8ACC81FACED6B009B2245 /* PostModel.swift */,
				B851544B1FAE8C11004A4C3B /* CommentModel.swift */,
				B8A59FC31FAAA7CE005ED285 /* Networking.swift */,
				B88A6DD21FA7EDE0001F30B3 /* Main.storyboard */,
				B88A6DD51FA7EDE0001F30B3 /* Assets.xcassets */,
				B88A6DD71FA7EDE0001F30B3 /* LaunchScreen.storyboard */,
				B88A6DDA1FA7EDE0001F30B3 /* Info.plist */,
				B851544E1FAE90C7004A4C3B /* DateTableViewCell.swift */,
				B85154431FAE8B7F004A4C3B /* PostsTableViewController.swift */,
				B85154451FAE8B98004A4C3B /* PostsTableViewCell.swift */,
				B85154491FAE8BEC004A4C3B /* CommentsTableViewController.swift */,
				B85154471FAE8BD0004A4C3B /* CommentsTableViewCell.swift */,
			);
			path = Product_Hunt_API;
			sourceTree = "<group>";
		};
/* End PBXGroup section */

/* Begin PBXNativeTarget section */
		B88A6DCA1FA7EDE0001F30B3 /* Product_Hunt_API */ = {
			isa = PBXNativeTarget;
			buildConfigurationList = B88A6DDD1FA7EDE0001F30B3 /* Build configuration list for PBXNativeTarget "Product_Hunt_API" */;
			buildPhases = (
				B88A6DC71FA7EDE0001F30B3 /* Sources */,
				B88A6DC81FA7EDE0001F30B3 /* Frameworks */,
				B88A6DC91FA7EDE0001F30B3 /* Resources */,
			);
			buildRules = (
			);
			dependencies = (
			);
			name = Product_Hunt_API;
			productName = Product_Hunt_API;
			productReference = B88A6DCB1FA7EDE0001F30B3 /* Product_Hunt_API.app */;
			productType = "com.apple.product-type.application";
		};
/* End PBXNativeTarget section */

/* Begin PBXProject section */
		B88A6DC31FA7EDE0001F30B3 /* Project object */ = {
			isa = PBXProject;
			attributes = {
				LastSwiftUpdateCheck = 0900;
				LastUpgradeCheck = 0900;
				ORGANIZATIONNAME = JCSwifty;
				TargetAttributes = {
					B88A6DCA1FA7EDE0001F30B3 = {
						CreatedOnToolsVersion = 9.0;
						ProvisioningStyle = Automatic;
					};
				};
			};
			buildConfigurationList = B88A6DC61FA7EDE0001F30B3 /* Build configuration list for PBXProject "Product_Hunt_API" */;
			compatibilityVersion = "Xcode 8.0";
			developmentRegion = en;
			hasScannedForEncodings = 0;
			knownRegions = (
				en,
				Base,
			);
			mainGroup = B88A6DC21FA7EDE0001F30B3;
			productRefGroup = B88A6DCC1FA7EDE0001F30B3 /* Products */;
			projectDirPath = "";
			projectRoot = "";
			targets = (
				B88A6DCA1FA7EDE0001F30B3 /* Product_Hunt_API */,
			);
		};
/* End PBXProject section */

/* Begin PBXResourcesBuildPhase section */
		B88A6DC91FA7EDE0001F30B3 /* Resources */ = {
			isa = PBXResourcesBuildPhase;
			buildActionMask = 2147483647;
			files = (
				B88A6DD91FA7EDE0001F30B3 /* LaunchScreen.storyboard in Resources */,
				B88A6DD61FA7EDE0001F30B3 /* Assets.xcassets in Resources */,
				B88A6DD41FA7EDE0001F30B3 /* Main.storyboard in Resources */,
			);
			runOnlyForDeploymentPostprocessing = 0;
		};
/* End PBXResourcesBuildPhase section */

/* Begin PBXSourcesBuildPhase section */
		B88A6DC71FA7EDE0001F30B3 /* Sources */ = {
			isa = PBXSourcesBuildPhase;
			buildActionMask = 2147483647;
			files = (
				B8A59FC41FAAA7CE005ED285 /* Networking.swift in Sources */,
				B8A8ACC91FACED6B009B2245 /* PostModel.swift in Sources */,
				B88A6DCF1FA7EDE0001F30B3 /* AppDelegate.swift in Sources */,
				B851544A1FAE8BEC004A4C3B /* CommentsTableViewController.swift in Sources */,
				B85154461FAE8B98004A4C3B /* PostsTableViewCell.swift in Sources */,
				B851544F1FAE90C7004A4C3B /* DateTableViewCell.swift in Sources */,
				B85154481FAE8BD0004A4C3B /* CommentsTableViewCell.swift in Sources */,
				B851544C1FAE8C11004A4C3B /* CommentModel.swift in Sources */,
				B85154441FAE8B7F004A4C3B /* PostsTableViewController.swift in Sources */,
			);
			runOnlyForDeploymentPostprocessing = 0;
		};
/* End PBXSourcesBuildPhase section */

/* Begin PBXVariantGroup section */
		B88A6DD21FA7EDE0001F30B3 /* Main.storyboard */ = {
			isa = PBXVariantGroup;
			children = (
				B88A6DD31FA7EDE0001F30B3 /* Base */,
			);
			name = Main.storyboard;
			sourceTree = "<group>";
		};
		B88A6DD71FA7EDE0001F30B3 /* LaunchScreen.storyboard */ = {
			isa = PBXVariantGroup;
			children = (
				B88A6DD81FA7EDE0001F30B3 /* Base */,
			);
			name = LaunchScreen.storyboard;
			sourceTree = "<group>";
		};
/* End PBXVariantGroup section */

/* Begin XCBuildConfiguration section */
		B88A6DDB1FA7EDE0001F30B3 /* Debug */ = {
			isa = XCBuildConfiguration;
			buildSettings = {
				ALWAYS_SEARCH_USER_PATHS = NO;
				CLANG_ANALYZER_NONNULL = YES;
				CLANG_ANALYZER_NUMBER_OBJECT_CONVERSION = YES_AGGRESSIVE;
				CLANG_CXX_LANGUAGE_STANDARD = "gnu++14";
				CLANG_CXX_LIBRARY = "libc++";
				CLANG_ENABLE_MODULES = YES;
				CLANG_ENABLE_OBJC_ARC = YES;
				CLANG_WARN_BLOCK_CAPTURE_AUTORELEASING = YES;
				CLANG_WARN_BOOL_CONVERSION = YES;
				CLANG_WARN_COMMA = YES;
				CLANG_WARN_CONSTANT_CONVERSION = YES;
				CLANG_WARN_DIRECT_OBJC_ISA_USAGE = YES_ERROR;
				CLANG_WARN_DOCUMENTATION_COMMENTS = YES;
				CLANG_WARN_EMPTY_BODY = YES;
				CLANG_WARN_ENUM_CONVERSION = YES;
				CLANG_WARN_INFINITE_RECURSION = YES;
				CLANG_WARN_INT_CONVERSION = YES;
				CLANG_WARN_NON_LITERAL_NULL_CONVERSION = YES;
				CLANG_WARN_OBJC_LITERAL_CONVERSION = YES;
				CLANG_WARN_OBJC_ROOT_CLASS = YES_ERROR;
				CLANG_WARN_RANGE_LOOP_ANALYSIS = YES;
				CLANG_WARN_STRICT_PROTOTYPES = YES;
				CLANG_WARN_SUSPICIOUS_MOVE = YES;
				CLANG_WARN_UNGUARDED_AVAILABILITY = YES_AGGRESSIVE;
				CLANG_WARN_UNREACHABLE_CODE = YES;
				CLANG_WARN__DUPLICATE_METHOD_MATCH = YES;
				CODE_SIGN_IDENTITY = "iPhone Developer";
				COPY_PHASE_STRIP = NO;
				DEBUG_INFORMATION_FORMAT = dwarf;
				ENABLE_STRICT_OBJC_MSGSEND = YES;
				ENABLE_TESTABILITY = YES;
				GCC_C_LANGUAGE_STANDARD = gnu11;
				GCC_DYNAMIC_NO_PIC = NO;
				GCC_NO_COMMON_BLOCKS = YES;
				GCC_OPTIMIZATION_LEVEL = 0;
				GCC_PREPROCESSOR_DEFINITIONS = (
					"DEBUG=1",
					"$(inherited)",
				);
				GCC_WARN_64_TO_32_BIT_CONVERSION = YES;
				GCC_WARN_ABOUT_RETURN_TYPE = YES_ERROR;
				GCC_WARN_UNDECLARED_SELECTOR = YES;
				GCC_WARN_UNINITIALIZED_AUTOS = YES_AGGRESSIVE;
				GCC_WARN_UNUSED_FUNCTION = YES;
				GCC_WARN_UNUSED_VARIABLE = YES;
				IPHONEOS_DEPLOYMENT_TARGET = 11.0;
				MTL_ENABLE_DEBUG_INFO = YES;
				ONLY_ACTIVE_ARCH = YES;
				SDKROOT = iphoneos;
				SWIFT_ACTIVE_COMPILATION_CONDITIONS = DEBUG;
				SWIFT_OPTIMIZATION_LEVEL = "-Onone";
			};
			name = Debug;
		};
		B88A6DDC1FA7EDE0001F30B3 /* Release */ = {
			isa = XCBuildConfiguration;
			buildSettings = {
				ALWAYS_SEARCH_USER_PATHS = NO;
				CLANG_ANALYZER_NONNULL = YES;
				CLANG_ANALYZER_NUMBER_OBJECT_CONVERSION = YES_AGGRESSIVE;
				CLANG_CXX_LANGUAGE_STANDARD = "gnu++14";
				CLANG_CXX_LIBRARY = "libc++";
				CLANG_ENABLE_MODULES = YES;
				CLANG_ENABLE_OBJC_ARC = YES;
				CLANG_WARN_BLOCK_CAPTURE_AUTORELEASING = YES;
				CLANG_WARN_BOOL_CONVERSION = YES;
				CLANG_WARN_COMMA = YES;
				CLANG_WARN_CONSTANT_CONVERSION = YES;
				CLANG_WARN_DIRECT_OBJC_ISA_USAGE = YES_ERROR;
				CLANG_WARN_DOCUMENTATION_COMMENTS = YES;
				CLANG_WARN_EMPTY_BODY = YES;
				CLANG_WARN_ENUM_CONVERSION = YES;
				CLANG_WARN_INFINITE_RECURSION = YES;
				CLANG_WARN_INT_CONVERSION = YES;
				CLANG_WARN_NON_LITERAL_NULL_CONVERSION = YES;
				CLANG_WARN_OBJC_LITERAL_CONVERSION = YES;
				CLANG_WARN_OBJC_ROOT_CLASS = YES_ERROR;
				CLANG_WARN_RANGE_LOOP_ANALYSIS = YES;
				CLANG_WARN_STRICT_PROTOTYPES = YES;
				CLANG_WARN_SUSPICIOUS_MOVE = YES;
				CLANG_WARN_UNGUARDED_AVAILABILITY = YES_AGGRESSIVE;
				CLANG_WARN_UNREACHABLE_CODE = YES;
				CLANG_WARN__DUPLICATE_METHOD_MATCH = YES;
				CODE_SIGN_IDENTITY = "iPhone Developer";
				COPY_PHASE_STRIP = NO;
				DEBUG_INFORMATION_FORMAT = "dwarf-with-dsym";
				ENABLE_NS_ASSERTIONS = NO;
				ENABLE_STRICT_OBJC_MSGSEND = YES;
				GCC_C_LANGUAGE_STANDARD = gnu11;
				GCC_NO_COMMON_BLOCKS = YES;
				GCC_WARN_64_TO_32_BIT_CONVERSION = YES;
				GCC_WARN_ABOUT_RETURN_TYPE = YES_ERROR;
				GCC_WARN_UNDECLARED_SELECTOR = YES;
				GCC_WARN_UNINITIALIZED_AUTOS = YES_AGGRESSIVE;
				GCC_WARN_UNUSED_FUNCTION = YES;
				GCC_WARN_UNUSED_VARIABLE = YES;
				IPHONEOS_DEPLOYMENT_TARGET = 11.0;
				MTL_ENABLE_DEBUG_INFO = NO;
				SDKROOT = iphoneos;
				SWIFT_OPTIMIZATION_LEVEL = "-Owholemodule";
				VALIDATE_PRODUCT = YES;
			};
			name = Release;
		};
		B88A6DDE1FA7EDE0001F30B3 /* Debug */ = {
			isa = XCBuildConfiguration;
			buildSettings = {
				ASSETCATALOG_COMPILER_APPICON_NAME = AppIcon;
				CODE_SIGN_STYLE = Automatic;
				DEVELOPMENT_TEAM = 3L8W3EB4SJ;
				INFOPLIST_FILE = Product_Hunt_API/Info.plist;
				LD_RUNPATH_SEARCH_PATHS = "$(inherited) @executable_path/Frameworks";
				PRODUCT_BUNDLE_IDENTIFIER = "com.jcswifty.Product-Hunt-API";
				PRODUCT_NAME = "$(TARGET_NAME)";
				SWIFT_VERSION = 4.0;
				TARGETED_DEVICE_FAMILY = "1,2";
			};
			name = Debug;
		};
		B88A6DDF1FA7EDE0001F30B3 /* Release */ = {
			isa = XCBuildConfiguration;
			buildSettings = {
				ASSETCATALOG_COMPILER_APPICON_NAME = AppIcon;
				CODE_SIGN_STYLE = Automatic;
				DEVELOPMENT_TEAM = 3L8W3EB4SJ;
				INFOPLIST_FILE = Product_Hunt_API/Info.plist;
				LD_RUNPATH_SEARCH_PATHS = "$(inherited) @executable_path/Frameworks";
				PRODUCT_BUNDLE_IDENTIFIER = "com.jcswifty.Product-Hunt-API";
				PRODUCT_NAME = "$(TARGET_NAME)";
				SWIFT_VERSION = 4.0;
				TARGETED_DEVICE_FAMILY = "1,2";
			};
			name = Release;
		};
/* End XCBuildConfiguration section */

/* Begin XCConfigurationList section */
		B88A6DC61FA7EDE0001F30B3 /* Build configuration list for PBXProject "Product_Hunt_API" */ = {
			isa = XCConfigurationList;
			buildConfigurations = (
				B88A6DDB1FA7EDE0001F30B3 /* Debug */,
				B88A6DDC1FA7EDE0001F30B3 /* Release */,
			);
			defaultConfigurationIsVisible = 0;
			defaultConfigurationName = Release;
		};
		B88A6DDD1FA7EDE0001F30B3 /* Build configuration list for PBXNativeTarget "Product_Hunt_API" */ = {
			isa = XCConfigurationList;
			buildConfigurations = (
				B88A6DDE1FA7EDE0001F30B3 /* Debug */,
				B88A6DDF1FA7EDE0001F30B3 /* Release */,
			);
			defaultConfigurationIsVisible = 0;
			defaultConfigurationName = Release;
		};
/* End XCConfigurationList section */
	};
	rootObject = B88A6DC31FA7EDE0001F30B3 /* Project object */;
}
